// !$*UTF8*$!
{
	archiveVersion = 1;
	classes = {
	};
	objectVersion = 50;
	objects = {

/* Begin PBXBuildFile section */
		1E23783321A091AA005C2CCF /* AppDelegate.swift in Sources */ = {isa = PBXBuildFile; fileRef = 1E23783221A091AA005C2CCF /* AppDelegate.swift */; };
		1E23783521A091AA005C2CCF /* MovieCarouselViewController.swift in Sources */ = {isa = PBXBuildFile; fileRef = 1E23783421A091AA005C2CCF /* MovieCarouselViewController.swift */; };
		1E23783821A091AA005C2CCF /* Main.storyboard in Resources */ = {isa = PBXBuildFile; fileRef = 1E23783621A091AA005C2CCF /* Main.storyboard */; };
		1E23783A21A091AD005C2CCF /* Assets.xcassets in Resources */ = {isa = PBXBuildFile; fileRef = 1E23783921A091AD005C2CCF /* Assets.xcassets */; };
		1E23783D21A091AD005C2CCF /* LaunchScreen.storyboard in Resources */ = {isa = PBXBuildFile; fileRef = 1E23783B21A091AD005C2CCF /* LaunchScreen.storyboard */; };
		1E23784821A091AD005C2CCF /* UpNextTests.swift in Sources */ = {isa = PBXBuildFile; fileRef = 1E23784721A091AD005C2CCF /* UpNextTests.swift */; };
		1E23785321A091AD005C2CCF /* UpNextUITests.swift in Sources */ = {isa = PBXBuildFile; fileRef = 1E23785221A091AD005C2CCF /* UpNextUITests.swift */; };
		1E25F29D21A5072F0011EE33 /* MovieDatabaseNetworkService.swift in Sources */ = {isa = PBXBuildFile; fileRef = 1E25F29C21A5072F0011EE33 /* MovieDatabaseNetworkService.swift */; };
		1E25F2BD21A533090011EE33 /* Movie.swift in Sources */ = {isa = PBXBuildFile; fileRef = 1E25F2BC21A533090011EE33 /* Movie.swift */; };
		1E25F2BF21A5337B0011EE33 /* MovieCollectionViewCell.swift in Sources */ = {isa = PBXBuildFile; fileRef = 1E25F2BE21A5337B0011EE33 /* MovieCollectionViewCell.swift */; };
		1E25F2C121AA60490011EE33 /* FavouritesList.swift in Sources */ = {isa = PBXBuildFile; fileRef = 1E25F2C021AA60490011EE33 /* FavouritesList.swift */; };
		1E25F2C321AA62DB0011EE33 /* MovieDatabaseAPIResultsResponse.swift in Sources */ = {isa = PBXBuildFile; fileRef = 1E25F2C221AA62DB0011EE33 /* MovieDatabaseAPIResultsResponse.swift */; };
		21429C22E6D2C5892C8D0AAF /* Pods_UpNextUITests.framework in Frameworks */ = {isa = PBXBuildFile; fileRef = C931A356A64A51982905DD75 /* Pods_UpNextUITests.framework */; };
		A810CE63A3EF4A585DD5B8E5 /* Pods_UpNextTests.framework in Frameworks */ = {isa = PBXBuildFile; fileRef = 475448CFC51238FC0C2C561D /* Pods_UpNextTests.framework */; };
		FAF782153FB0A0A84D6B7498 /* Pods_UpNext.framework in Frameworks */ = {isa = PBXBuildFile; fileRef = 46FDB32B5C729776075CF022 /* Pods_UpNext.framework */; };
/* End PBXBuildFile section */

/* Begin PBXContainerItemProxy section */
		1E23784421A091AD005C2CCF /* PBXContainerItemProxy */ = {
			isa = PBXContainerItemProxy;
			containerPortal = 1E23782721A091AA005C2CCF /* Project object */;
			proxyType = 1;
			remoteGlobalIDString = 1E23782E21A091AA005C2CCF;
			remoteInfo = UpNext;
		};
		1E23784F21A091AD005C2CCF /* PBXContainerItemProxy */ = {
			isa = PBXContainerItemProxy;
			containerPortal = 1E23782721A091AA005C2CCF /* Project object */;
			proxyType = 1;
			remoteGlobalIDString = 1E23782E21A091AA005C2CCF;
			remoteInfo = UpNext;
		};
/* End PBXContainerItemProxy section */

/* Begin PBXFileReference section */
		1E23782F21A091AA005C2CCF /* UpNext.app */ = {isa = PBXFileReference; explicitFileType = wrapper.application; includeInIndex = 0; path = UpNext.app; sourceTree = BUILT_PRODUCTS_DIR; };
		1E23783221A091AA005C2CCF /* AppDelegate.swift */ = {isa = PBXFileReference; lastKnownFileType = sourcecode.swift; path = AppDelegate.swift; sourceTree = "<group>"; };
		1E23783421A091AA005C2CCF /* MovieCarouselViewController.swift */ = {isa = PBXFileReference; lastKnownFileType = sourcecode.swift; path = MovieCarouselViewController.swift; sourceTree = "<group>"; };
		1E23783721A091AA005C2CCF /* Base */ = {isa = PBXFileReference; lastKnownFileType = file.storyboard; name = Base; path = Base.lproj/Main.storyboard; sourceTree = "<group>"; };
		1E23783921A091AD005C2CCF /* Assets.xcassets */ = {isa = PBXFileReference; lastKnownFileType = folder.assetcatalog; path = Assets.xcassets; sourceTree = "<group>"; };
		1E23783C21A091AD005C2CCF /* Base */ = {isa = PBXFileReference; lastKnownFileType = file.storyboard; name = Base; path = Base.lproj/LaunchScreen.storyboard; sourceTree = "<group>"; };
		1E23783E21A091AD005C2CCF /* Info.plist */ = {isa = PBXFileReference; lastKnownFileType = text.plist.xml; path = Info.plist; sourceTree = "<group>"; };
		1E23784321A091AD005C2CCF /* UpNextTests.xctest */ = {isa = PBXFileReference; explicitFileType = wrapper.cfbundle; includeInIndex = 0; path = UpNextTests.xctest; sourceTree = BUILT_PRODUCTS_DIR; };
		1E23784721A091AD005C2CCF /* UpNextTests.swift */ = {isa = PBXFileReference; lastKnownFileType = sourcecode.swift; path = UpNextTests.swift; sourceTree = "<group>"; };
		1E23784921A091AD005C2CCF /* Info.plist */ = {isa = PBXFileReference; lastKnownFileType = text.plist.xml; path = Info.plist; sourceTree = "<group>"; };
		1E23784E21A091AD005C2CCF /* UpNextUITests.xctest */ = {isa = PBXFileReference; explicitFileType = wrapper.cfbundle; includeInIndex = 0; path = UpNextUITests.xctest; sourceTree = BUILT_PRODUCTS_DIR; };
		1E23785221A091AD005C2CCF /* UpNextUITests.swift */ = {isa = PBXFileReference; lastKnownFileType = sourcecode.swift; path = UpNextUITests.swift; sourceTree = "<group>"; };
		1E23785421A091AD005C2CCF /* Info.plist */ = {isa = PBXFileReference; lastKnownFileType = text.plist.xml; path = Info.plist; sourceTree = "<group>"; };
		1E25F29C21A5072F0011EE33 /* MovieDatabaseNetworkService.swift */ = {isa = PBXFileReference; lastKnownFileType = sourcecode.swift; path = MovieDatabaseNetworkService.swift; sourceTree = "<group>"; };
		1E25F2BC21A533090011EE33 /* Movie.swift */ = {isa = PBXFileReference; lastKnownFileType = sourcecode.swift; path = Movie.swift; sourceTree = "<group>"; };
		1E25F2BE21A5337B0011EE33 /* MovieCollectionViewCell.swift */ = {isa = PBXFileReference; lastKnownFileType = sourcecode.swift; path = MovieCollectionViewCell.swift; sourceTree = "<group>"; };
		1E25F2C021AA60490011EE33 /* FavouritesList.swift */ = {isa = PBXFileReference; lastKnownFileType = sourcecode.swift; path = FavouritesList.swift; sourceTree = "<group>"; };
		1E25F2C221AA62DB0011EE33 /* MovieDatabaseAPIResultsResponse.swift */ = {isa = PBXFileReference; lastKnownFileType = sourcecode.swift; path = MovieDatabaseAPIResultsResponse.swift; sourceTree = "<group>"; };
		296DC87C7C498977B22AFB9E /* Pods-UpNextTests.release.xcconfig */ = {isa = PBXFileReference; includeInIndex = 1; lastKnownFileType = text.xcconfig; name = "Pods-UpNextTests.release.xcconfig"; path = "Pods/Target Support Files/Pods-UpNextTests/Pods-UpNextTests.release.xcconfig"; sourceTree = "<group>"; };
		3A82104A69EFEC0DF6F7C75E /* Pods-UpNext.release.xcconfig */ = {isa = PBXFileReference; includeInIndex = 1; lastKnownFileType = text.xcconfig; name = "Pods-UpNext.release.xcconfig"; path = "Pods/Target Support Files/Pods-UpNext/Pods-UpNext.release.xcconfig"; sourceTree = "<group>"; };
		40273C4DAA80136611DEE1EB /* Pods-UpNext.debug.xcconfig */ = {isa = PBXFileReference; includeInIndex = 1; lastKnownFileType = text.xcconfig; name = "Pods-UpNext.debug.xcconfig"; path = "Pods/Target Support Files/Pods-UpNext/Pods-UpNext.debug.xcconfig"; sourceTree = "<group>"; };
		46FDB32B5C729776075CF022 /* Pods_UpNext.framework */ = {isa = PBXFileReference; explicitFileType = wrapper.framework; includeInIndex = 0; path = Pods_UpNext.framework; sourceTree = BUILT_PRODUCTS_DIR; };
		475448CFC51238FC0C2C561D /* Pods_UpNextTests.framework */ = {isa = PBXFileReference; explicitFileType = wrapper.framework; includeInIndex = 0; path = Pods_UpNextTests.framework; sourceTree = BUILT_PRODUCTS_DIR; };
		C293AFE5ABCCDAA6A032E5D9 /* Pods-UpNextUITests.debug.xcconfig */ = {isa = PBXFileReference; includeInIndex = 1; lastKnownFileType = text.xcconfig; name = "Pods-UpNextUITests.debug.xcconfig"; path = "Pods/Target Support Files/Pods-UpNextUITests/Pods-UpNextUITests.debug.xcconfig"; sourceTree = "<group>"; };
		C34E35757CAEC1AB9005CF96 /* Pods-UpNextTests.debug.xcconfig */ = {isa = PBXFileReference; includeInIndex = 1; lastKnownFileType = text.xcconfig; name = "Pods-UpNextTests.debug.xcconfig"; path = "Pods/Target Support Files/Pods-UpNextTests/Pods-UpNextTests.debug.xcconfig"; sourceTree = "<group>"; };
		C847364FE8B91365A906B82F /* Pods-UpNextUITests.release.xcconfig */ = {isa = PBXFileReference; includeInIndex = 1; lastKnownFileType = text.xcconfig; name = "Pods-UpNextUITests.release.xcconfig"; path = "Pods/Target Support Files/Pods-UpNextUITests/Pods-UpNextUITests.release.xcconfig"; sourceTree = "<group>"; };
		C931A356A64A51982905DD75 /* Pods_UpNextUITests.framework */ = {isa = PBXFileReference; explicitFileType = wrapper.framework; includeInIndex = 0; path = Pods_UpNextUITests.framework; sourceTree = BUILT_PRODUCTS_DIR; };
/* End PBXFileReference section */

/* Begin PBXFrameworksBuildPhase section */
		1E23782C21A091AA005C2CCF /* Frameworks */ = {
			isa = PBXFrameworksBuildPhase;
			buildActionMask = 2147483647;
			files = (
				FAF782153FB0A0A84D6B7498 /* Pods_UpNext.framework in Frameworks */,
			);
			runOnlyForDeploymentPostprocessing = 0;
		};
		1E23784021A091AD005C2CCF /* Frameworks */ = {
			isa = PBXFrameworksBuildPhase;
			buildActionMask = 2147483647;
			files = (
				A810CE63A3EF4A585DD5B8E5 /* Pods_UpNextTests.framework in Frameworks */,
			);
			runOnlyForDeploymentPostprocessing = 0;
		};
		1E23784B21A091AD005C2CCF /* Frameworks */ = {
			isa = PBXFrameworksBuildPhase;
			buildActionMask = 2147483647;
			files = (
				21429C22E6D2C5892C8D0AAF /* Pods_UpNextUITests.framework in Frameworks */,
			);
			runOnlyForDeploymentPostprocessing = 0;
		};
/* End PBXFrameworksBuildPhase section */

/* Begin PBXGroup section */
		1E23782621A091AA005C2CCF = {
			isa = PBXGroup;
			children = (
				1E23783121A091AA005C2CCF /* UpNext */,
				1E23784621A091AD005C2CCF /* UpNextTests */,
				1E23785121A091AD005C2CCF /* UpNextUITests */,
				1E23783021A091AA005C2CCF /* Products */,
				CF6FD03B93C6ABDE4284513B /* Pods */,
				DF7C87C7BF2BD3EE6B2ECAA9 /* Frameworks */,
			);
			sourceTree = "<group>";
		};
		1E23783021A091AA005C2CCF /* Products */ = {
			isa = PBXGroup;
			children = (
				1E23782F21A091AA005C2CCF /* UpNext.app */,
				1E23784321A091AD005C2CCF /* UpNextTests.xctest */,
				1E23784E21A091AD005C2CCF /* UpNextUITests.xctest */,
			);
			name = Products;
			sourceTree = "<group>";
		};
		1E23783121A091AA005C2CCF /* UpNext */ = {
			isa = PBXGroup;
			children = (
				1E23783221A091AA005C2CCF /* AppDelegate.swift */,
				1E23783421A091AA005C2CCF /* MovieCarouselViewController.swift */,
				1E25F2BC21A533090011EE33 /* Movie.swift */,
				1E25F2C021AA60490011EE33 /* FavouritesList.swift */,
				1E25F29C21A5072F0011EE33 /* MovieDatabaseNetworkService.swift */,
				1E25F2C221AA62DB0011EE33 /* MovieDatabaseAPIResultsResponse.swift */,
				1E25F2BE21A5337B0011EE33 /* MovieCollectionViewCell.swift */,
				1E23783621A091AA005C2CCF /* Main.storyboard */,
				1E23783921A091AD005C2CCF /* Assets.xcassets */,
				1E23783B21A091AD005C2CCF /* LaunchScreen.storyboard */,
				1E23783E21A091AD005C2CCF /* Info.plist */,
			);
			path = UpNext;
			sourceTree = "<group>";
		};
		1E23784621A091AD005C2CCF /* UpNextTests */ = {
			isa = PBXGroup;
			children = (
				1E23784721A091AD005C2CCF /* UpNextTests.swift */,
				1E23784921A091AD005C2CCF /* Info.plist */,
			);
			path = UpNextTests;
			sourceTree = "<group>";
		};
		1E23785121A091AD005C2CCF /* UpNextUITests */ = {
			isa = PBXGroup;
			children = (
				1E23785221A091AD005C2CCF /* UpNextUITests.swift */,
				1E23785421A091AD005C2CCF /* Info.plist */,
			);
			path = UpNextUITests;
			sourceTree = "<group>";
		};
		CF6FD03B93C6ABDE4284513B /* Pods */ = {
			isa = PBXGroup;
			children = (
				40273C4DAA80136611DEE1EB /* Pods-UpNext.debug.xcconfig */,
				3A82104A69EFEC0DF6F7C75E /* Pods-UpNext.release.xcconfig */,
				C34E35757CAEC1AB9005CF96 /* Pods-UpNextTests.debug.xcconfig */,
				296DC87C7C498977B22AFB9E /* Pods-UpNextTests.release.xcconfig */,
				C293AFE5ABCCDAA6A032E5D9 /* Pods-UpNextUITests.debug.xcconfig */,
				C847364FE8B91365A906B82F /* Pods-UpNextUITests.release.xcconfig */,
			);
			name = Pods;
			sourceTree = "<group>";
		};
		DF7C87C7BF2BD3EE6B2ECAA9 /* Frameworks */ = {
			isa = PBXGroup;
			children = (
				46FDB32B5C729776075CF022 /* Pods_UpNext.framework */,
				475448CFC51238FC0C2C561D /* Pods_UpNextTests.framework */,
				C931A356A64A51982905DD75 /* Pods_UpNextUITests.framework */,
			);
			name = Frameworks;
			sourceTree = "<group>";
		};
/* End PBXGroup section */

/* Begin PBXNativeTarget section */
		1E23782E21A091AA005C2CCF /* UpNext */ = {
			isa = PBXNativeTarget;
			buildConfigurationList = 1E23785721A091AD005C2CCF /* Build configuration list for PBXNativeTarget "UpNext" */;
			buildPhases = (
				8BBEBEC6625E203841C6272C /* [CP] Check Pods Manifest.lock */,
				1E23782B21A091AA005C2CCF /* Sources */,
				1E23782C21A091AA005C2CCF /* Frameworks */,
				1E23782D21A091AA005C2CCF /* Resources */,
				09353AA4765E878AA062AD8F /* [CP] Embed Pods Frameworks */,
			);
			buildRules = (
			);
			dependencies = (
			);
			name = UpNext;
			productName = UpNext;
			productReference = 1E23782F21A091AA005C2CCF /* UpNext.app */;
			productType = "com.apple.product-type.application";
		};
		1E23784221A091AD005C2CCF /* UpNextTests */ = {
			isa = PBXNativeTarget;
			buildConfigurationList = 1E23785A21A091AD005C2CCF /* Build configuration list for PBXNativeTarget "UpNextTests" */;
			buildPhases = (
				D1CE849BED6080A30B71021A /* [CP] Check Pods Manifest.lock */,
				1E23783F21A091AD005C2CCF /* Sources */,
				1E23784021A091AD005C2CCF /* Frameworks */,
				1E23784121A091AD005C2CCF /* Resources */,
			);
			buildRules = (
			);
			dependencies = (
				1E23784521A091AD005C2CCF /* PBXTargetDependency */,
			);
			name = UpNextTests;
			productName = UpNextTests;
			productReference = 1E23784321A091AD005C2CCF /* UpNextTests.xctest */;
			productType = "com.apple.product-type.bundle.unit-test";
		};
		1E23784D21A091AD005C2CCF /* UpNextUITests */ = {
			isa = PBXNativeTarget;
			buildConfigurationList = 1E23785D21A091AD005C2CCF /* Build configuration list for PBXNativeTarget "UpNextUITests" */;
			buildPhases = (
				4D1A05FB581AF567E242219A /* [CP] Check Pods Manifest.lock */,
				1E23784A21A091AD005C2CCF /* Sources */,
				1E23784B21A091AD005C2CCF /* Frameworks */,
				1E23784C21A091AD005C2CCF /* Resources */,
			);
			buildRules = (
			);
			dependencies = (
				1E23785021A091AD005C2CCF /* PBXTargetDependency */,
			);
			name = UpNextUITests;
			productName = UpNextUITests;
			productReference = 1E23784E21A091AD005C2CCF /* UpNextUITests.xctest */;
			productType = "com.apple.product-type.bundle.ui-testing";
		};
/* End PBXNativeTarget section */

/* Begin PBXProject section */
		1E23782721A091AA005C2CCF /* Project object */ = {
			isa = PBXProject;
			attributes = {
				LastSwiftUpdateCheck = 1000;
				LastUpgradeCheck = 1000;
				ORGANIZATIONNAME = Sehaj;
				TargetAttributes = {
					1E23782E21A091AA005C2CCF = {
						CreatedOnToolsVersion = 10.0;
					};
					1E23784221A091AD005C2CCF = {
						CreatedOnToolsVersion = 10.0;
						TestTargetID = 1E23782E21A091AA005C2CCF;
					};
					1E23784D21A091AD005C2CCF = {
						CreatedOnToolsVersion = 10.0;
						TestTargetID = 1E23782E21A091AA005C2CCF;
					};
				};
			};
			buildConfigurationList = 1E23782A21A091AA005C2CCF /* Build configuration list for PBXProject "UpNext" */;
			compatibilityVersion = "Xcode 9.3";
			developmentRegion = en;
			hasScannedForEncodings = 0;
			knownRegions = (
				en,
				Base,
			);
			mainGroup = 1E23782621A091AA005C2CCF;
			productRefGroup = 1E23783021A091AA005C2CCF /* Products */;
			projectDirPath = "";
			projectRoot = "";
			targets = (
				1E23782E21A091AA005C2CCF /* UpNext */,
				1E23784221A091AD005C2CCF /* UpNextTests */,
				1E23784D21A091AD005C2CCF /* UpNextUITests */,
			);
		};
/* End PBXProject section */

/* Begin PBXResourcesBuildPhase section */
		1E23782D21A091AA005C2CCF /* Resources */ = {
			isa = PBXResourcesBuildPhase;
			buildActionMask = 2147483647;
			files = (
				1E23783D21A091AD005C2CCF /* LaunchScreen.storyboard in Resources */,
				1E23783A21A091AD005C2CCF /* Assets.xcassets in Resources */,
				1E23783821A091AA005C2CCF /* Main.storyboard in Resources */,
			);
			runOnlyForDeploymentPostprocessing = 0;
		};
		1E23784121A091AD005C2CCF /* Resources */ = {
			isa = PBXResourcesBuildPhase;
			buildActionMask = 2147483647;
			files = (
			);
			runOnlyForDeploymentPostprocessing = 0;
		};
		1E23784C21A091AD005C2CCF /* Resources */ = {
			isa = PBXResourcesBuildPhase;
			buildActionMask = 2147483647;
			files = (
			);
			runOnlyForDeploymentPostprocessing = 0;
		};
/* End PBXResourcesBuildPhase section */

/* Begin PBXShellScriptBuildPhase section */
		09353AA4765E878AA062AD8F /* [CP] Embed Pods Frameworks */ = {
			isa = PBXShellScriptBuildPhase;
			buildActionMask = 2147483647;
			files = (
			);
			inputFileListPaths = (
			);
			inputPaths = (
				"${SRCROOT}/Pods/Target Support Files/Pods-UpNext/Pods-UpNext-frameworks.sh",
				"${BUILT_PRODUCTS_DIR}/Kingfisher/Kingfisher.framework",
			);
			name = "[CP] Embed Pods Frameworks";
			outputFileListPaths = (
			);
			outputPaths = (
				"${TARGET_BUILD_DIR}/${FRAMEWORKS_FOLDER_PATH}/Kingfisher.framework",
			);
			runOnlyForDeploymentPostprocessing = 0;
			shellPath = /bin/sh;
			shellScript = "\"${SRCROOT}/Pods/Target Support Files/Pods-UpNext/Pods-UpNext-frameworks.sh\"\n";
			showEnvVarsInLog = 0;
		};
		4D1A05FB581AF567E242219A /* [CP] Check Pods Manifest.lock */ = {
			isa = PBXShellScriptBuildPhase;
			buildActionMask = 2147483647;
			files = (
			);
			inputFileListPaths = (
			);
			inputPaths = (
				"${PODS_PODFILE_DIR_PATH}/Podfile.lock",
				"${PODS_ROOT}/Manifest.lock",
			);
			name = "[CP] Check Pods Manifest.lock";
			outputFileListPaths = (
			);
			outputPaths = (
				"$(DERIVED_FILE_DIR)/Pods-UpNextUITests-checkManifestLockResult.txt",
			);
			runOnlyForDeploymentPostprocessing = 0;
			shellPath = /bin/sh;
			shellScript = "diff \"${PODS_PODFILE_DIR_PATH}/Podfile.lock\" \"${PODS_ROOT}/Manifest.lock\" > /dev/null\nif [ $? != 0 ] ; then\n    # print error to STDERR\n    echo \"error: The sandbox is not in sync with the Podfile.lock. Run 'pod install' or update your CocoaPods installation.\" >&2\n    exit 1\nfi\n# This output is used by Xcode 'outputs' to avoid re-running this script phase.\necho \"SUCCESS\" > \"${SCRIPT_OUTPUT_FILE_0}\"\n";
			showEnvVarsInLog = 0;
		};
		8BBEBEC6625E203841C6272C /* [CP] Check Pods Manifest.lock */ = {
			isa = PBXShellScriptBuildPhase;
			buildActionMask = 2147483647;
			files = (
			);
			inputFileListPaths = (
			);
			inputPaths = (
				"${PODS_PODFILE_DIR_PATH}/Podfile.lock",
				"${PODS_ROOT}/Manifest.lock",
			);
			name = "[CP] Check Pods Manifest.lock";
			outputFileListPaths = (
			);
			outputPaths = (
				"$(DERIVED_FILE_DIR)/Pods-UpNext-checkManifestLockResult.txt",
			);
			runOnlyForDeploymentPostprocessing = 0;
			shellPath = /bin/sh;
			shellScript = "diff \"${PODS_PODFILE_DIR_PATH}/Podfile.lock\" \"${PODS_ROOT}/Manifest.lock\" > /dev/null\nif [ $? != 0 ] ; then\n    # print error to STDERR\n    echo \"error: The sandbox is not in sync with the Podfile.lock. Run 'pod install' or update your CocoaPods installation.\" >&2\n    exit 1\nfi\n# This output is used by Xcode 'outputs' to avoid re-running this script phase.\necho \"SUCCESS\" > \"${SCRIPT_OUTPUT_FILE_0}\"\n";
			showEnvVarsInLog = 0;
		};
		D1CE849BED6080A30B71021A /* [CP] Check Pods Manifest.lock */ = {
			isa = PBXShellScriptBuildPhase;
			buildActionMask = 2147483647;
			files = (
			);
			inputFileListPaths = (
			);
			inputPaths = (
				"${PODS_PODFILE_DIR_PATH}/Podfile.lock",
				"${PODS_ROOT}/Manifest.lock",
			);
			name = "[CP] Check Pods Manifest.lock";
			outputFileListPaths = (
			);
			outputPaths = (
				"$(DERIVED_FILE_DIR)/Pods-UpNextTests-checkManifestLockResult.txt",
			);
			runOnlyForDeploymentPostprocessing = 0;
			shellPath = /bin/sh;
			shellScript = "diff \"${PODS_PODFILE_DIR_PATH}/Podfile.lock\" \"${PODS_ROOT}/Manifest.lock\" > /dev/null\nif [ $? != 0 ] ; then\n    # print error to STDERR\n    echo \"error: The sandbox is not in sync with the Podfile.lock. Run 'pod install' or update your CocoaPods installation.\" >&2\n    exit 1\nfi\n# This output is used by Xcode 'outputs' to avoid re-running this script phase.\necho \"SUCCESS\" > \"${SCRIPT_OUTPUT_FILE_0}\"\n";
			showEnvVarsInLog = 0;
		};
/* End PBXShellScriptBuildPhase section */

/* Begin PBXSourcesBuildPhase section */
		1E23782B21A091AA005C2CCF /* Sources */ = {
			isa = PBXSourcesBuildPhase;
			buildActionMask = 2147483647;
			files = (
				1E25F2C321AA62DB0011EE33 /* MovieDatabaseAPIResultsResponse.swift in Sources */,
				1E25F29D21A5072F0011EE33 /* MovieDatabaseNetworkService.swift in Sources */,
				1E25F2C121AA60490011EE33 /* FavouritesList.swift in Sources */,
				1E23783521A091AA005C2CCF /* MovieCarouselViewController.swift in Sources */,
				1E25F2BF21A5337B0011EE33 /* MovieCollectionViewCell.swift in Sources */,
				1E23783321A091AA005C2CCF /* AppDelegate.swift in Sources */,
				1E25F2BD21A533090011EE33 /* Movie.swift in Sources */,
			);
			runOnlyForDeploymentPostprocessing = 0;
		};
		1E23783F21A091AD005C2CCF /* Sources */ = {
			isa = PBXSourcesBuildPhase;
			buildActionMask = 2147483647;
			files = (
				1E23784821A091AD005C2CCF /* UpNextTests.swift in Sources */,
			);
			runOnlyForDeploymentPostprocessing = 0;
		};
		1E23784A21A091AD005C2CCF /* Sources */ = {
			isa = PBXSourcesBuildPhase;
			buildActionMask = 2147483647;
			files = (
				1E23785321A091AD005C2CCF /* UpNextUITests.swift in Sources */,
			);
			runOnlyForDeploymentPostprocessing = 0;
		};
/* End PBXSourcesBuildPhase section */

/* Begin PBXTargetDependency section */
		1E23784521A091AD005C2CCF /* PBXTargetDependency */ = {
			isa = PBXTargetDependency;
			target = 1E23782E21A091AA005C2CCF /* UpNext */;
			targetProxy = 1E23784421A091AD005C2CCF /* PBXContainerItemProxy */;
		};
		1E23785021A091AD005C2CCF /* PBXTargetDependency */ = {
			isa = PBXTargetDependency;
			target = 1E23782E21A091AA005C2CCF /* UpNext */;
			targetProxy = 1E23784F21A091AD005C2CCF /* PBXContainerItemProxy */;
		};
/* End PBXTargetDependency section */

/* Begin PBXVariantGroup section */
		1E23783621A091AA005C2CCF /* Main.storyboard */ = {
			isa = PBXVariantGroup;
			children = (
				1E23783721A091AA005C2CCF /* Base */,
			);
			name = Main.storyboard;
			sourceTree = "<group>";
		};
		1E23783B21A091AD005C2CCF /* LaunchScreen.storyboard */ = {
			isa = PBXVariantGroup;
			children = (
				1E23783C21A091AD005C2CCF /* Base */,
			);
			name = LaunchScreen.storyboard;
			sourceTree = "<group>";
		};
/* End PBXVariantGroup section */

/* Begin XCBuildConfiguration section */
		1E23785521A091AD005C2CCF /* Debug */ = {
			isa = XCBuildConfiguration;
			buildSettings = {
				ALWAYS_SEARCH_USER_PATHS = NO;
				CLANG_ANALYZER_NONNULL = YES;
				CLANG_ANALYZER_NUMBER_OBJECT_CONVERSION = YES_AGGRESSIVE;
				CLANG_CXX_LANGUAGE_STANDARD = "gnu++14";
				CLANG_CXX_LIBRARY = "libc++";
				CLANG_ENABLE_MODULES = YES;
				CLANG_ENABLE_OBJC_ARC = YES;
				CLANG_ENABLE_OBJC_WEAK = YES;
				CLANG_WARN_BLOCK_CAPTURE_AUTORELEASING = YES;
				CLANG_WARN_BOOL_CONVERSION = YES;
				CLANG_WARN_COMMA = YES;
				CLANG_WARN_CONSTANT_CONVERSION = YES;
				CLANG_WARN_DEPRECATED_OBJC_IMPLEMENTATIONS = YES;
				CLANG_WARN_DIRECT_OBJC_ISA_USAGE = YES_ERROR;
				CLANG_WARN_DOCUMENTATION_COMMENTS = YES;
				CLANG_WARN_EMPTY_BODY = YES;
				CLANG_WARN_ENUM_CONVERSION = YES;
				CLANG_WARN_INFINITE_RECURSION = YES;
				CLANG_WARN_INT_CONVERSION = YES;
				CLANG_WARN_NON_LITERAL_NULL_CONVERSION = YES;
				CLANG_WARN_OBJC_IMPLICIT_RETAIN_SELF = YES;
				CLANG_WARN_OBJC_LITERAL_CONVERSION = YES;
				CLANG_WARN_OBJC_ROOT_CLASS = YES_ERROR;
				CLANG_WARN_RANGE_LOOP_ANALYSIS = YES;
				CLANG_WARN_STRICT_PROTOTYPES = YES;
				CLANG_WARN_SUSPICIOUS_MOVE = YES;
				CLANG_WARN_UNGUARDED_AVAILABILITY = YES_AGGRESSIVE;
				CLANG_WARN_UNREACHABLE_CODE = YES;
				CLANG_WARN__DUPLICATE_METHOD_MATCH = YES;
				CODE_SIGN_IDENTITY = "iPhone Developer";
				COPY_PHASE_STRIP = NO;
				DEBUG_INFORMATION_FORMAT = dwarf;
				ENABLE_STRICT_OBJC_MSGSEND = YES;
				ENABLE_TESTABILITY = YES;
				GCC_C_LANGUAGE_STANDARD = gnu11;
				GCC_DYNAMIC_NO_PIC = NO;
				GCC_NO_COMMON_BLOCKS = YES;
				GCC_OPTIMIZATION_LEVEL = 0;
				GCC_PREPROCESSOR_DEFINITIONS = (
					"DEBUG=1",
					"$(inherited)",
				);
				GCC_WARN_64_TO_32_BIT_CONVERSION = YES;
				GCC_WARN_ABOUT_RETURN_TYPE = YES_ERROR;
				GCC_WARN_UNDECLARED_SELECTOR = YES;
				GCC_WARN_UNINITIALIZED_AUTOS = YES_AGGRESSIVE;
				GCC_WARN_UNUSED_FUNCTION = YES;
				GCC_WARN_UNUSED_VARIABLE = YES;
				IPHONEOS_DEPLOYMENT_TARGET = 12.0;
				MTL_ENABLE_DEBUG_INFO = INCLUDE_SOURCE;
				MTL_FAST_MATH = YES;
				ONLY_ACTIVE_ARCH = YES;
				SDKROOT = iphoneos;
				SWIFT_ACTIVE_COMPILATION_CONDITIONS = DEBUG;
				SWIFT_OPTIMIZATION_LEVEL = "-Onone";
			};
			name = Debug;
		};
		1E23785621A091AD005C2CCF /* Release */ = {
			isa = XCBuildConfiguration;
			buildSettings = {
				ALWAYS_SEARCH_USER_PATHS = NO;
				CLANG_ANALYZER_NONNULL = YES;
				CLANG_ANALYZER_NUMBER_OBJECT_CONVERSION = YES_AGGRESSIVE;
				CLANG_CXX_LANGUAGE_STANDARD = "gnu++14";
				CLANG_CXX_LIBRARY = "libc++";
				CLANG_ENABLE_MODULES = YES;
				CLANG_ENABLE_OBJC_ARC = YES;
				CLANG_ENABLE_OBJC_WEAK = YES;
				CLANG_WARN_BLOCK_CAPTURE_AUTORELEASING = YES;
				CLANG_WARN_BOOL_CONVERSION = YES;
				CLANG_WARN_COMMA = YES;
				CLANG_WARN_CONSTANT_CONVERSION = YES;
				CLANG_WARN_DEPRECATED_OBJC_IMPLEMENTATIONS = YES;
				CLANG_WARN_DIRECT_OBJC_ISA_USAGE = YES_ERROR;
				CLANG_WARN_DOCUMENTATION_COMMENTS = YES;
				CLANG_WARN_EMPTY_BODY = YES;
				CLANG_WARN_ENUM_CONVERSION = YES;
				CLANG_WARN_INFINITE_RECURSION = YES;
				CLANG_WARN_INT_CONVERSION = YES;
				CLANG_WARN_NON_LITERAL_NULL_CONVERSION = YES;
				CLANG_WARN_OBJC_IMPLICIT_RETAIN_SELF = YES;
				CLANG_WARN_OBJC_LITERAL_CONVERSION = YES;
				CLANG_WARN_OBJC_ROOT_CLASS = YES_ERROR;
				CLANG_WARN_RANGE_LOOP_ANALYSIS = YES;
				CLANG_WARN_STRICT_PROTOTYPES = YES;
				CLANG_WARN_SUSPICIOUS_MOVE = YES;
				CLANG_WARN_UNGUARDED_AVAILABILITY = YES_AGGRESSIVE;
				CLANG_WARN_UNREACHABLE_CODE = YES;
				CLANG_WARN__DUPLICATE_METHOD_MATCH = YES;
				CODE_SIGN_IDENTITY = "iPhone Developer";
				COPY_PHASE_STRIP = NO;
				DEBUG_INFORMATION_FORMAT = "dwarf-with-dsym";
				ENABLE_NS_ASSERTIONS = NO;
				ENABLE_STRICT_OBJC_MSGSEND = YES;
				GCC_C_LANGUAGE_STANDARD = gnu11;
				GCC_NO_COMMON_BLOCKS = YES;
				GCC_WARN_64_TO_32_BIT_CONVERSION = YES;
				GCC_WARN_ABOUT_RETURN_TYPE = YES_ERROR;
				GCC_WARN_UNDECLARED_SELECTOR = YES;
				GCC_WARN_UNINITIALIZED_AUTOS = YES_AGGRESSIVE;
				GCC_WARN_UNUSED_FUNCTION = YES;
				GCC_WARN_UNUSED_VARIABLE = YES;
				IPHONEOS_DEPLOYMENT_TARGET = 12.0;
				MTL_ENABLE_DEBUG_INFO = NO;
				MTL_FAST_MATH = YES;
				SDKROOT = iphoneos;
				SWIFT_COMPILATION_MODE = wholemodule;
				SWIFT_OPTIMIZATION_LEVEL = "-O";
				VALIDATE_PRODUCT = YES;
			};
			name = Release;
		};
		1E23785821A091AD005C2CCF /* Debug */ = {
			isa = XCBuildConfiguration;
			baseConfigurationReference = 40273C4DAA80136611DEE1EB /* Pods-UpNext.debug.xcconfig */;
			buildSettings = {
				ASSETCATALOG_COMPILER_APPICON_NAME = AppIcon;
				CODE_SIGN_STYLE = Automatic;
				DEVELOPMENT_TEAM = 2YKH4R9558;
				INFOPLIST_FILE = UpNext/Info.plist;
				LD_RUNPATH_SEARCH_PATHS = (
					"$(inherited)",
					"@executable_path/Frameworks",
				);
				PRODUCT_BUNDLE_IDENTIFIER = com.sehaj.UpNext;
				PRODUCT_NAME = "$(TARGET_NAME)";
				SWIFT_VERSION = 4.2;
				TARGETED_DEVICE_FAMILY = "1,2";
			};
			name = Debug;
		};
		1E23785921A091AD005C2CCF /* Release */ = {
			isa = XCBuildConfiguration;
			baseConfigurationReference = 3A82104A69EFEC0DF6F7C75E /* Pods-UpNext.release.xcconfig */;
			buildSettings = {
				ASSETCATALOG_COMPILER_APPICON_NAME = AppIcon;
				CODE_SIGN_STYLE = Automatic;
				DEVELOPMENT_TEAM = 2YKH4R9558;
				INFOPLIST_FILE = UpNext/Info.plist;
				LD_RUNPATH_SEARCH_PATHS = (
					"$(inherited)",
					"@executable_path/Frameworks",
				);
				PRODUCT_BUNDLE_IDENTIFIER = com.sehaj.UpNext;
				PRODUCT_NAME = "$(TARGET_NAME)";
				SWIFT_VERSION = 4.2;
				TARGETED_DEVICE_FAMILY = "1,2";
			};
			name = Release;
		};
		1E23785B21A091AD005C2CCF /* Debug */ = {
			isa = XCBuildConfiguration;
			baseConfigurationReference = C34E35757CAEC1AB9005CF96 /* Pods-UpNextTests.debug.xcconfig */;
			buildSettings = {
				ALWAYS_EMBED_SWIFT_STANDARD_LIBRARIES = YES;
				BUNDLE_LOADER = "$(TEST_HOST)";
				CODE_SIGN_STYLE = Automatic;
				INFOPLIST_FILE = UpNextTests/Info.plist;
				LD_RUNPATH_SEARCH_PATHS = (
					"$(inherited)",
					"@executable_path/Frameworks",
					"@loader_path/Frameworks",
				);
				PRODUCT_BUNDLE_IDENTIFIER = com.sehaj.UpNextTests;
				PRODUCT_NAME = "$(TARGET_NAME)";
				SWIFT_VERSION = 4.2;
				TARGETED_DEVICE_FAMILY = "1,2";
				TEST_HOST = "$(BUILT_PRODUCTS_DIR)/UpNext.app/UpNext";
			};
			name = Debug;
		};
		1E23785C21A091AD005C2CCF /* Release */ = {
			isa = XCBuildConfiguration;
			baseConfigurationReference = 296DC87C7C498977B22AFB9E /* Pods-UpNextTests.release.xcconfig */;
			buildSettings = {
				ALWAYS_EMBED_SWIFT_STANDARD_LIBRARIES = YES;
				BUNDLE_LOADER = "$(TEST_HOST)";
				CODE_SIGN_STYLE = Automatic;
				INFOPLIST_FILE = UpNextTests/Info.plist;
				LD_RUNPATH_SEARCH_PATHS = (
					"$(inherited)",
					"@executable_path/Frameworks",
					"@loader_path/Frameworks",
				);
				PRODUCT_BUNDLE_IDENTIFIER = com.sehaj.UpNextTests;
				PRODUCT_NAME = "$(TARGET_NAME)";
				SWIFT_VERSION = 4.2;
				TARGETED_DEVICE_FAMILY = "1,2";
				TEST_HOST = "$(BUILT_PRODUCTS_DIR)/UpNext.app/UpNext";
			};
			name = Release;
		};
		1E23785E21A091AD005C2CCF /* Debug */ = {
			isa = XCBuildConfiguration;
			baseConfigurationReference = C293AFE5ABCCDAA6A032E5D9 /* Pods-UpNextUITests.debug.xcconfig */;
			buildSettings = {
				ALWAYS_EMBED_SWIFT_STANDARD_LIBRARIES = YES;
				CODE_SIGN_STYLE = Automatic;
				INFOPLIST_FILE = UpNextUITests/Info.plist;
				LD_RUNPATH_SEARCH_PATHS = (
					"$(inherited)",
					"@executable_path/Frameworks",
					"@loader_path/Frameworks",
				);
				PRODUCT_BUNDLE_IDENTIFIER = com.sehaj.UpNextUITests;
				PRODUCT_NAME = "$(TARGET_NAME)";
				SWIFT_VERSION = 4.2;
				TARGETED_DEVICE_FAMILY = "1,2";
				TEST_TARGET_NAME = UpNext;
			};
			name = Debug;
		};
		1E23785F21A091AD005C2CCF /* Release */ = {
			isa = XCBuildConfiguration;
			baseConfigurationReference = C847364FE8B91365A906B82F /* Pods-UpNextUITests.release.xcconfig */;
			buildSettings = {
				ALWAYS_EMBED_SWIFT_STANDARD_LIBRARIES = YES;
				CODE_SIGN_STYLE = Automatic;
				INFOPLIST_FILE = UpNextUITests/Info.plist;
				LD_RUNPATH_SEARCH_PATHS = (
					"$(inherited)",
					"@executable_path/Frameworks",
					"@loader_path/Frameworks",
				);
				PRODUCT_BUNDLE_IDENTIFIER = com.sehaj.UpNextUITests;
				PRODUCT_NAME = "$(TARGET_NAME)";
				SWIFT_VERSION = 4.2;
				TARGETED_DEVICE_FAMILY = "1,2";
				TEST_TARGET_NAME = UpNext;
			};
			name = Release;
		};
/* End XCBuildConfiguration section */

/* Begin XCConfigurationList section */
		1E23782A21A091AA005C2CCF /* Build configuration list for PBXProject "UpNext" */ = {
			isa = XCConfigurationList;
			buildConfigurations = (
				1E23785521A091AD005C2CCF /* Debug */,
				1E23785621A091AD005C2CCF /* Release */,
			);
			defaultConfigurationIsVisible = 0;
			defaultConfigurationName = Release;
		};
		1E23785721A091AD005C2CCF /* Build configuration list for PBXNativeTarget "UpNext" */ = {
			isa = XCConfigurationList;
			buildConfigurations = (
				1E23785821A091AD005C2CCF /* Debug */,
				1E23785921A091AD005C2CCF /* Release */,
			);
			defaultConfigurationIsVisible = 0;
			defaultConfigurationName = Release;
		};
		1E23785A21A091AD005C2CCF /* Build configuration list for PBXNativeTarget "UpNextTests" */ = {
			isa = XCConfigurationList;
			buildConfigurations = (
				1E23785B21A091AD005C2CCF /* Debug */,
				1E23785C21A091AD005C2CCF /* Release */,
			);
			defaultConfigurationIsVisible = 0;
			defaultConfigurationName = Release;
		};
		1E23785D21A091AD005C2CCF /* Build configuration list for PBXNativeTarget "UpNextUITests" */ = {
			isa = XCConfigurationList;
			buildConfigurations = (
				1E23785E21A091AD005C2CCF /* Debug */,
				1E23785F21A091AD005C2CCF /* Release */,
			);
			defaultConfigurationIsVisible = 0;
			defaultConfigurationName = Release;
		};
/* End XCConfigurationList section */
	};
	rootObject = 1E23782721A091AA005C2CCF /* Project object */;
}
